
Microsoft Visual Studio Solution File, Format Version 12.00
# Visual Studio Version 17
VisualStudioVersion = 17.11.35312.102
MinimumVisualStudioVersion = 10.0.40219.1
Project("{9A19103F-16F7-4668-BE54-9A1E7A4F7556}") = "Lab1", "Lab1\Lab1.csproj", "{BA13B968-715A-4932-A43F-AB05B9FCD853}"
EndProject
Global
	GlobalSection(SolutionConfigurationPlatforms) = preSolution
		Debug|Any CPU = Debug|Any CPU
		Release|Any CPU = Release|Any CPU
	EndGlobalSection
	GlobalSection(ProjectConfigurationPlatforms) = postSolution
		{BA13B968-715A-4932-A43F-AB05B9FCD853}.Debug|Any CPU.ActiveCfg = Debug|Any CPU
		{BA13B968-715A-4932-A43F-AB05B9FCD853}.Debug|Any CPU.Build.0 = Debug|Any CPU
		{BA13B968-715A-4932-A43F-AB05B9FCD853}.Release|Any CPU.ActiveCfg = Release|Any CPU
		{BA13B968-715A-4932-A43F-AB05B9FCD853}.Release|Any CPU.Build.0 = Release|Any CPU
	EndGlobalSection
	GlobalSection(SolutionProperties) = preSolution
		HideSolutionNode = FALSE
	EndGlobalSection
	GlobalSection(ExtensibilityGlobals) = postSolution
		SolutionGuid = {E4EF7D5B-8235-4F8E-9F55-3F2E24C86EA3}
	EndGlobalSection
EndGlobal
